// !$*UTF8*$!
{
	archiveVersion = 1;
	classes = {
	};
	objectVersion = 46;
	objects = {

/* Begin PBXBuildFile section */
		440E312A1B07CCD100D3531E /* GroupListVC.swift in Sources */ = {isa = PBXBuildFile; fileRef = 440E31291B07CCD100D3531E /* GroupListVC.swift */; };
		440E312C1B07CCFE00D3531E /* GroupListCell.swift in Sources */ = {isa = PBXBuildFile; fileRef = 440E312B1B07CCFE00D3531E /* GroupListCell.swift */; };
		440E312E1B07CD5B00D3531E /* GroupListVC.storyboard in Resources */ = {isa = PBXBuildFile; fileRef = 440E312D1B07CD5B00D3531E /* GroupListVC.storyboard */; };
		440E31311B08423700D3531E /* GroupFeedVC.swift in Sources */ = {isa = PBXBuildFile; fileRef = 440E31301B08423700D3531E /* GroupFeedVC.swift */; };
		440E31331B08433900D3531E /* GroupFeedVC.storyboard in Resources */ = {isa = PBXBuildFile; fileRef = 440E31321B08433900D3531E /* GroupFeedVC.storyboard */; };
		445DE8A81B06A7FF00C15982 /* Helpers.swift in Sources */ = {isa = PBXBuildFile; fileRef = 445DE8A71B06A7FF00C15982 /* Helpers.swift */; };
		445DE8AA1B06AA4200C15982 /* ProfileTableVC.swift in Sources */ = {isa = PBXBuildFile; fileRef = 445DE8A91B06AA4200C15982 /* ProfileTableVC.swift */; };
		445DE8AC1B06FCEC00C15982 /* SettingsTableCell.swift in Sources */ = {isa = PBXBuildFile; fileRef = 445DE8AB1B06FCEC00C15982 /* SettingsTableCell.swift */; };
		446691AB1B01A77D00C2DC15 /* proxima_nova_black_it.ttf in Resources */ = {isa = PBXBuildFile; fileRef = 4466919D1B01A57800C2DC15 /* proxima_nova_black_it.ttf */; };
		446691AC1B01A77D00C2DC15 /* proxima_nova_black.ttf in Resources */ = {isa = PBXBuildFile; fileRef = 4466919E1B01A57800C2DC15 /* proxima_nova_black.ttf */; };
		446691AD1B01A77D00C2DC15 /* proxima_nova_bold_it.ttf in Resources */ = {isa = PBXBuildFile; fileRef = 4466919F1B01A57800C2DC15 /* proxima_nova_bold_it.ttf */; };
		446691AE1B01A77D00C2DC15 /* proxima_nova_bold.ttf in Resources */ = {isa = PBXBuildFile; fileRef = 446691A01B01A57800C2DC15 /* proxima_nova_bold.ttf */; };
		446691AF1B01A77D00C2DC15 /* proxima_nova_light_it.ttf in Resources */ = {isa = PBXBuildFile; fileRef = 446691A11B01A57800C2DC15 /* proxima_nova_light_it.ttf */; };
		446691B01B01A77D00C2DC15 /* proxima_nova_light.ttf in Resources */ = {isa = PBXBuildFile; fileRef = 446691A21B01A57800C2DC15 /* proxima_nova_light.ttf */; };
		446691B11B01A77D00C2DC15 /* proxima_nova_reg_it.ttf in Resources */ = {isa = PBXBuildFile; fileRef = 446691A31B01A57800C2DC15 /* proxima_nova_reg_it.ttf */; };
		446691B21B01A77D00C2DC15 /* proxima_nova_reg.ttf in Resources */ = {isa = PBXBuildFile; fileRef = 446691A41B01A57800C2DC15 /* proxima_nova_reg.ttf */; };
		446691B31B01A77D00C2DC15 /* proxima_nova_sbold_it.ttf in Resources */ = {isa = PBXBuildFile; fileRef = 446691A51B01A57800C2DC15 /* proxima_nova_sbold_it.ttf */; };
		446691B41B01A77D00C2DC15 /* proxima_nova_sbold.ttf in Resources */ = {isa = PBXBuildFile; fileRef = 446691A61B01A57800C2DC15 /* proxima_nova_sbold.ttf */; };
		446691B51B01A77D00C2DC15 /* proxima_nova_thin_it.ttf in Resources */ = {isa = PBXBuildFile; fileRef = 446691A71B01A57800C2DC15 /* proxima_nova_thin_it.ttf */; };
		446691B61B01A77D00C2DC15 /* proxima_nova_thin.ttf in Resources */ = {isa = PBXBuildFile; fileRef = 446691A81B01A57800C2DC15 /* proxima_nova_thin.ttf */; };
		446691B71B01A77D00C2DC15 /* proxima_nova_xbold_it.ttf in Resources */ = {isa = PBXBuildFile; fileRef = 446691A91B01A57800C2DC15 /* proxima_nova_xbold_it.ttf */; };
		446691B81B01A77D00C2DC15 /* proxima_nova_xbold.ttf in Resources */ = {isa = PBXBuildFile; fileRef = 446691AA1B01A57800C2DC15 /* proxima_nova_xbold.ttf */; };
		446D9BEB1AFFBFD9005E291C /* SocialTests.swift in Sources */ = {isa = PBXBuildFile; fileRef = 447818A41AFFBDDE00CF0DF1 /* SocialTests.swift */; };
		447818A71AFFBDED00CF0DF1 /* Info.plist in Resources */ = {isa = PBXBuildFile; fileRef = 447818A61AFFBDED00CF0DF1 /* Info.plist */; };
		447FE8021B07039B00F010BC /* DefaultPresentationController.swift in Sources */ = {isa = PBXBuildFile; fileRef = 447FE7FA1B07039B00F010BC /* DefaultPresentationController.swift */; };
		447FE8031B07039B00F010BC /* DefaultTransitioner.swift in Sources */ = {isa = PBXBuildFile; fileRef = 447FE7FB1B07039B00F010BC /* DefaultTransitioner.swift */; };
		447FE8041B07039B00F010BC /* PopUpTransitioner.swift in Sources */ = {isa = PBXBuildFile; fileRef = 447FE7FC1B07039B00F010BC /* PopUpTransitioner.swift */; };
		447FE8051B07039B00F010BC /* PushbackTransitioner.swift in Sources */ = {isa = PBXBuildFile; fileRef = 447FE7FD1B07039B00F010BC /* PushbackTransitioner.swift */; };
		447FE8061B07039B00F010BC /* Transitioner.swift in Sources */ = {isa = PBXBuildFile; fileRef = 447FE7FE1B07039B00F010BC /* Transitioner.swift */; };
		447FE8071B07039B00F010BC /* ZoomAlertTransitioner.swift in Sources */ = {isa = PBXBuildFile; fileRef = 447FE7FF1B07039B00F010BC /* ZoomAlertTransitioner.swift */; };
		447FE8081B07039B00F010BC /* ZoomPresentationController.swift in Sources */ = {isa = PBXBuildFile; fileRef = 447FE8001B07039B00F010BC /* ZoomPresentationController.swift */; };
		447FE8091B07039B00F010BC /* ZoomTransitioner.swift in Sources */ = {isa = PBXBuildFile; fileRef = 447FE8011B07039B00F010BC /* ZoomTransitioner.swift */; };
		4485AF7D1AFFBC5B005CCF3D /* AppDelegate.swift in Sources */ = {isa = PBXBuildFile; fileRef = 4485AF6D1AFFBC5B005CCF3D /* AppDelegate.swift */; };
		4485AF831AFFBC5B005CCF3D /* Images.xcassets in Resources */ = {isa = PBXBuildFile; fileRef = 4485AF731AFFBC5B005CCF3D /* Images.xcassets */; };
		4485AF841AFFBC5B005CCF3D /* Info.plist in Resources */ = {isa = PBXBuildFile; fileRef = 4485AF741AFFBC5B005CCF3D /* Info.plist */; };
		4485AF851AFFBC5B005CCF3D /* MasterViewController.swift in Sources */ = {isa = PBXBuildFile; fileRef = 4485AF751AFFBC5B005CCF3D /* MasterViewController.swift */; };
		4485AF871AFFBC5B005CCF3D /* FeedTableViewCell.swift in Sources */ = {isa = PBXBuildFile; fileRef = 4485AF771AFFBC5B005CCF3D /* FeedTableViewCell.swift */; };
		4485AF881AFFBC5B005CCF3D /* FeedTableViewCell.xib in Resources */ = {isa = PBXBuildFile; fileRef = 4485AF781AFFBC5B005CCF3D /* FeedTableViewCell.xib */; };
		4485AF891AFFBC5B005CCF3D /* FeedVC.storyboard in Resources */ = {isa = PBXBuildFile; fileRef = 4485AF791AFFBC5B005CCF3D /* FeedVC.storyboard */; };
		4485AF8A1AFFBC5B005CCF3D /* FeedVC.swift in Sources */ = {isa = PBXBuildFile; fileRef = 4485AF7A1AFFBC5B005CCF3D /* FeedVC.swift */; };
		4485AF8B1AFFBC5B005CCF3D /* UIColorExtension.swift in Sources */ = {isa = PBXBuildFile; fileRef = 4485AF7B1AFFBC5B005CCF3D /* UIColorExtension.swift */; };
		44D29B7A1B02A732007B2BB7 /* ProfileVC.swift in Sources */ = {isa = PBXBuildFile; fileRef = 44D29B791B02A732007B2BB7 /* ProfileVC.swift */; };
		44D29B7C1B02A78B007B2BB7 /* ProfileVC.storyboard in Resources */ = {isa = PBXBuildFile; fileRef = 44D29B7B1B02A78B007B2BB7 /* ProfileVC.storyboard */; };
		44FE93471AFFC3D2008CA73E /* Main.storyboard in Resources */ = {isa = PBXBuildFile; fileRef = 44FE93451AFFC3D2008CA73E /* Main.storyboard */; };
		44FE93491AFFD466008CA73E /* Model.swift in Resources */ = {isa = PBXBuildFile; fileRef = 49E1BCA71AE69CCA00FD0AB6 /* Model.swift */; };
		44FE934A1AFFD477008CA73E /* Model.swift in Sources */ = {isa = PBXBuildFile; fileRef = 49E1BCA71AE69CCA00FD0AB6 /* Model.swift */; };
		44FE934E1AFFD4DE008CA73E /* UIFontExtensions.swift in Sources */ = {isa = PBXBuildFile; fileRef = 44FE934D1AFFD4DE008CA73E /* UIFontExtensions.swift */; };
		44FE935A1B001865008CA73E /* SettingsVC.swift in Sources */ = {isa = PBXBuildFile; fileRef = 44FE93551B001865008CA73E /* SettingsVC.swift */; };
		44FE935B1B001865008CA73E /* SettingsVC.storyboard in Resources */ = {isa = PBXBuildFile; fileRef = 44FE93561B001865008CA73E /* SettingsVC.storyboard */; };
/* End PBXBuildFile section */

/* Begin PBXContainerItemProxy section */
		49E1BC981AE6993600FD0AB6 /* PBXContainerItemProxy */ = {
			isa = PBXContainerItemProxy;
			containerPortal = 49E1BC7A1AE6993600FD0AB6 /* Project object */;
			proxyType = 1;
			remoteGlobalIDString = 49E1BC811AE6993600FD0AB6;
			remoteInfo = Social;
		};
/* End PBXContainerItemProxy section */

/* Begin PBXFileReference section */
		440E31291B07CCD100D3531E /* GroupListVC.swift */ = {isa = PBXFileReference; fileEncoding = 4; lastKnownFileType = sourcecode.swift; path = GroupListVC.swift; sourceTree = "<group>"; };
		440E312B1B07CCFE00D3531E /* GroupListCell.swift */ = {isa = PBXFileReference; fileEncoding = 4; lastKnownFileType = sourcecode.swift; path = GroupListCell.swift; sourceTree = "<group>"; };
		440E312D1B07CD5B00D3531E /* GroupListVC.storyboard */ = {isa = PBXFileReference; fileEncoding = 4; lastKnownFileType = file.storyboard; path = GroupListVC.storyboard; sourceTree = "<group>"; };
		440E31301B08423700D3531E /* GroupFeedVC.swift */ = {isa = PBXFileReference; fileEncoding = 4; lastKnownFileType = sourcecode.swift; path = GroupFeedVC.swift; sourceTree = "<group>"; };
		440E31321B08433900D3531E /* GroupFeedVC.storyboard */ = {isa = PBXFileReference; fileEncoding = 4; lastKnownFileType = file.storyboard; path = GroupFeedVC.storyboard; sourceTree = "<group>"; };
		445DE8A71B06A7FF00C15982 /* Helpers.swift */ = {isa = PBXFileReference; fileEncoding = 4; lastKnownFileType = sourcecode.swift; path = Helpers.swift; sourceTree = "<group>"; };
		445DE8A91B06AA4200C15982 /* ProfileTableVC.swift */ = {isa = PBXFileReference; fileEncoding = 4; lastKnownFileType = sourcecode.swift; path = ProfileTableVC.swift; sourceTree = "<group>"; };
		445DE8AB1B06FCEC00C15982 /* SettingsTableCell.swift */ = {isa = PBXFileReference; fileEncoding = 4; lastKnownFileType = sourcecode.swift; path = SettingsTableCell.swift; sourceTree = "<group>"; };
		4466919D1B01A57800C2DC15 /* proxima_nova_black_it.ttf */ = {isa = PBXFileReference; lastKnownFileType = file; name = proxima_nova_black_it.ttf; path = Fonts/proxima_nova_black_it.ttf; sourceTree = "<group>"; };
		4466919E1B01A57800C2DC15 /* proxima_nova_black.ttf */ = {isa = PBXFileReference; lastKnownFileType = file; name = proxima_nova_black.ttf; path = Fonts/proxima_nova_black.ttf; sourceTree = "<group>"; };
		4466919F1B01A57800C2DC15 /* proxima_nova_bold_it.ttf */ = {isa = PBXFileReference; lastKnownFileType = file; name = proxima_nova_bold_it.ttf; path = Fonts/proxima_nova_bold_it.ttf; sourceTree = "<group>"; };
		446691A01B01A57800C2DC15 /* proxima_nova_bold.ttf */ = {isa = PBXFileReference; lastKnownFileType = file; name = proxima_nova_bold.ttf; path = Fonts/proxima_nova_bold.ttf; sourceTree = "<group>"; };
		446691A11B01A57800C2DC15 /* proxima_nova_light_it.ttf */ = {isa = PBXFileReference; lastKnownFileType = file; name = proxima_nova_light_it.ttf; path = Fonts/proxima_nova_light_it.ttf; sourceTree = "<group>"; };
		446691A21B01A57800C2DC15 /* proxima_nova_light.ttf */ = {isa = PBXFileReference; lastKnownFileType = file; name = proxima_nova_light.ttf; path = Fonts/proxima_nova_light.ttf; sourceTree = "<group>"; };
		446691A31B01A57800C2DC15 /* proxima_nova_reg_it.ttf */ = {isa = PBXFileReference; lastKnownFileType = file; name = proxima_nova_reg_it.ttf; path = Fonts/proxima_nova_reg_it.ttf; sourceTree = "<group>"; };
		446691A41B01A57800C2DC15 /* proxima_nova_reg.ttf */ = {isa = PBXFileReference; lastKnownFileType = file; name = proxima_nova_reg.ttf; path = Fonts/proxima_nova_reg.ttf; sourceTree = "<group>"; };
		446691A51B01A57800C2DC15 /* proxima_nova_sbold_it.ttf */ = {isa = PBXFileReference; lastKnownFileType = file; name = proxima_nova_sbold_it.ttf; path = Fonts/proxima_nova_sbold_it.ttf; sourceTree = "<group>"; };
		446691A61B01A57800C2DC15 /* proxima_nova_sbold.ttf */ = {isa = PBXFileReference; lastKnownFileType = file; name = proxima_nova_sbold.ttf; path = Fonts/proxima_nova_sbold.ttf; sourceTree = "<group>"; };
		446691A71B01A57800C2DC15 /* proxima_nova_thin_it.ttf */ = {isa = PBXFileReference; lastKnownFileType = file; name = proxima_nova_thin_it.ttf; path = Fonts/proxima_nova_thin_it.ttf; sourceTree = "<group>"; };
		446691A81B01A57800C2DC15 /* proxima_nova_thin.ttf */ = {isa = PBXFileReference; lastKnownFileType = file; name = proxima_nova_thin.ttf; path = Fonts/proxima_nova_thin.ttf; sourceTree = "<group>"; };
		446691A91B01A57800C2DC15 /* proxima_nova_xbold_it.ttf */ = {isa = PBXFileReference; lastKnownFileType = file; name = proxima_nova_xbold_it.ttf; path = Fonts/proxima_nova_xbold_it.ttf; sourceTree = "<group>"; };
		446691AA1B01A57800C2DC15 /* proxima_nova_xbold.ttf */ = {isa = PBXFileReference; lastKnownFileType = file; name = proxima_nova_xbold.ttf; path = Fonts/proxima_nova_xbold.ttf; sourceTree = "<group>"; };
		447818A41AFFBDDE00CF0DF1 /* SocialTests.swift */ = {isa = PBXFileReference; fileEncoding = 4; lastKnownFileType = sourcecode.swift; name = SocialTests.swift; path = SocialTests/SocialTests.swift; sourceTree = SOURCE_ROOT; };
		447818A61AFFBDED00CF0DF1 /* Info.plist */ = {isa = PBXFileReference; fileEncoding = 4; lastKnownFileType = text.plist.xml; name = Info.plist; path = SocialTests/Info.plist; sourceTree = SOURCE_ROOT; };
		447FE7FA1B07039B00F010BC /* DefaultPresentationController.swift */ = {isa = PBXFileReference; fileEncoding = 4; lastKnownFileType = sourcecode.swift; name = DefaultPresentationController.swift; path = Resources/Transitions/DefaultPresentationController.swift; sourceTree = "<group>"; };
		447FE7FB1B07039B00F010BC /* DefaultTransitioner.swift */ = {isa = PBXFileReference; fileEncoding = 4; lastKnownFileType = sourcecode.swift; name = DefaultTransitioner.swift; path = Resources/Transitions/DefaultTransitioner.swift; sourceTree = "<group>"; };
		447FE7FC1B07039B00F010BC /* PopUpTransitioner.swift */ = {isa = PBXFileReference; fileEncoding = 4; lastKnownFileType = sourcecode.swift; name = PopUpTransitioner.swift; path = Resources/Transitions/PopUpTransitioner.swift; sourceTree = "<group>"; };
		447FE7FD1B07039B00F010BC /* PushbackTransitioner.swift */ = {isa = PBXFileReference; fileEncoding = 4; lastKnownFileType = sourcecode.swift; name = PushbackTransitioner.swift; path = Resources/Transitions/PushbackTransitioner.swift; sourceTree = "<group>"; };
		447FE7FE1B07039B00F010BC /* Transitioner.swift */ = {isa = PBXFileReference; fileEncoding = 4; lastKnownFileType = sourcecode.swift; name = Transitioner.swift; path = Resources/Transitions/Transitioner.swift; sourceTree = "<group>"; };
		447FE7FF1B07039B00F010BC /* ZoomAlertTransitioner.swift */ = {isa = PBXFileReference; fileEncoding = 4; lastKnownFileType = sourcecode.swift; name = ZoomAlertTransitioner.swift; path = Resources/Transitions/ZoomAlertTransitioner.swift; sourceTree = "<group>"; };
		447FE8001B07039B00F010BC /* ZoomPresentationController.swift */ = {isa = PBXFileReference; fileEncoding = 4; lastKnownFileType = sourcecode.swift; name = ZoomPresentationController.swift; path = Resources/Transitions/ZoomPresentationController.swift; sourceTree = "<group>"; };
		447FE8011B07039B00F010BC /* ZoomTransitioner.swift */ = {isa = PBXFileReference; fileEncoding = 4; lastKnownFileType = sourcecode.swift; name = ZoomTransitioner.swift; path = Resources/Transitions/ZoomTransitioner.swift; sourceTree = "<group>"; };
		4485AF6D1AFFBC5B005CCF3D /* AppDelegate.swift */ = {isa = PBXFileReference; fileEncoding = 4; lastKnownFileType = sourcecode.swift; name = AppDelegate.swift; path = Social/AppDelegate.swift; sourceTree = SOURCE_ROOT; };
		4485AF731AFFBC5B005CCF3D /* Images.xcassets */ = {isa = PBXFileReference; lastKnownFileType = folder.assetcatalog; name = Images.xcassets; path = Social/Images.xcassets; sourceTree = SOURCE_ROOT; };
		4485AF741AFFBC5B005CCF3D /* Info.plist */ = {isa = PBXFileReference; fileEncoding = 4; lastKnownFileType = text.plist.xml; name = Info.plist; path = Social/Info.plist; sourceTree = SOURCE_ROOT; };
		4485AF751AFFBC5B005CCF3D /* MasterViewController.swift */ = {isa = PBXFileReference; fileEncoding = 4; lastKnownFileType = sourcecode.swift; name = MasterViewController.swift; path = Social/MasterViewController.swift; sourceTree = SOURCE_ROOT; };
		4485AF771AFFBC5B005CCF3D /* FeedTableViewCell.swift */ = {isa = PBXFileReference; fileEncoding = 4; lastKnownFileType = sourcecode.swift; name = FeedTableViewCell.swift; path = Social/FeedTableViewCell.swift; sourceTree = SOURCE_ROOT; };
		4485AF781AFFBC5B005CCF3D /* FeedTableViewCell.xib */ = {isa = PBXFileReference; fileEncoding = 4; lastKnownFileType = file.xib; name = FeedTableViewCell.xib; path = Social/FeedTableViewCell.xib; sourceTree = SOURCE_ROOT; };
		4485AF791AFFBC5B005CCF3D /* FeedVC.storyboard */ = {isa = PBXFileReference; fileEncoding = 4; lastKnownFileType = file.storyboard; name = FeedVC.storyboard; path = Social/FeedVC.storyboard; sourceTree = SOURCE_ROOT; };
		4485AF7A1AFFBC5B005CCF3D /* FeedVC.swift */ = {isa = PBXFileReference; fileEncoding = 4; lastKnownFileType = sourcecode.swift; name = FeedVC.swift; path = Social/FeedVC.swift; sourceTree = SOURCE_ROOT; };
		4485AF7B1AFFBC5B005CCF3D /* UIColorExtension.swift */ = {isa = PBXFileReference; fileEncoding = 4; lastKnownFileType = sourcecode.swift; name = UIColorExtension.swift; path = Social/UIColorExtension.swift; sourceTree = SOURCE_ROOT; };
		44D29B791B02A732007B2BB7 /* ProfileVC.swift */ = {isa = PBXFileReference; fileEncoding = 4; lastKnownFileType = sourcecode.swift; path = ProfileVC.swift; sourceTree = "<group>"; };
		44D29B7B1B02A78B007B2BB7 /* ProfileVC.storyboard */ = {isa = PBXFileReference; fileEncoding = 4; lastKnownFileType = file.storyboard; path = ProfileVC.storyboard; sourceTree = "<group>"; };
		44FE93451AFFC3D2008CA73E /* Main.storyboard */ = {isa = PBXFileReference; fileEncoding = 4; lastKnownFileType = file.storyboard; path = Main.storyboard; sourceTree = "<group>"; };
		44FE934D1AFFD4DE008CA73E /* UIFontExtensions.swift */ = {isa = PBXFileReference; fileEncoding = 4; lastKnownFileType = sourcecode.swift; path = UIFontExtensions.swift; sourceTree = "<group>"; };
		44FE93551B001865008CA73E /* SettingsVC.swift */ = {isa = PBXFileReference; fileEncoding = 4; lastKnownFileType = sourcecode.swift; path = SettingsVC.swift; sourceTree = "<group>"; };
		44FE93561B001865008CA73E /* SettingsVC.storyboard */ = {isa = PBXFileReference; fileEncoding = 4; lastKnownFileType = file.storyboard; path = SettingsVC.storyboard; sourceTree = "<group>"; };
		49E1BC821AE6993600FD0AB6 /* Social.app */ = {isa = PBXFileReference; explicitFileType = wrapper.application; includeInIndex = 0; path = Social.app; sourceTree = BUILT_PRODUCTS_DIR; };
		49E1BC971AE6993600FD0AB6 /* SocialTests.xctest */ = {isa = PBXFileReference; explicitFileType = wrapper.cfbundle; includeInIndex = 0; path = SocialTests.xctest; sourceTree = BUILT_PRODUCTS_DIR; };
		49E1BCA71AE69CCA00FD0AB6 /* Model.swift */ = {isa = PBXFileReference; fileEncoding = 4; lastKnownFileType = sourcecode.swift; path = Model.swift; sourceTree = "<group>"; };
/* End PBXFileReference section */

/* Begin PBXFrameworksBuildPhase section */
		49E1BC7F1AE6993600FD0AB6 /* Frameworks */ = {
			isa = PBXFrameworksBuildPhase;
			buildActionMask = 2147483647;
			files = (
			);
			runOnlyForDeploymentPostprocessing = 0;
		};
		49E1BC941AE6993600FD0AB6 /* Frameworks */ = {
			isa = PBXFrameworksBuildPhase;
			buildActionMask = 2147483647;
			files = (
			);
			runOnlyForDeploymentPostprocessing = 0;
		};
/* End PBXFrameworksBuildPhase section */

/* Begin PBXGroup section */
		440E31281B07CC9600D3531E /* Groups */ = {
			isa = PBXGroup;
			children = (
				440E31341B08449200D3531E /* GroupFeed */,
				440E31291B07CCD100D3531E /* GroupListVC.swift */,
				440E312B1B07CCFE00D3531E /* GroupListCell.swift */,
				440E312D1B07CD5B00D3531E /* GroupListVC.storyboard */,
			);
			name = Groups;
			sourceTree = "<group>";
		};
		440E31341B08449200D3531E /* GroupFeed */ = {
			isa = PBXGroup;
			children = (
				440E31301B08423700D3531E /* GroupFeedVC.swift */,
				440E31321B08433900D3531E /* GroupFeedVC.storyboard */,
			);
			name = GroupFeed;
			sourceTree = "<group>";
		};
		4466919C1B01A53200C2DC15 /* Fonts */ = {
			isa = PBXGroup;
			children = (
				4466919D1B01A57800C2DC15 /* proxima_nova_black_it.ttf */,
				4466919E1B01A57800C2DC15 /* proxima_nova_black.ttf */,
				4466919F1B01A57800C2DC15 /* proxima_nova_bold_it.ttf */,
				446691A01B01A57800C2DC15 /* proxima_nova_bold.ttf */,
				446691A11B01A57800C2DC15 /* proxima_nova_light_it.ttf */,
				446691A21B01A57800C2DC15 /* proxima_nova_light.ttf */,
				446691A31B01A57800C2DC15 /* proxima_nova_reg_it.ttf */,
				446691A41B01A57800C2DC15 /* proxima_nova_reg.ttf */,
				446691A51B01A57800C2DC15 /* proxima_nova_sbold_it.ttf */,
				446691A61B01A57800C2DC15 /* proxima_nova_sbold.ttf */,
				446691A71B01A57800C2DC15 /* proxima_nova_thin_it.ttf */,
				446691A81B01A57800C2DC15 /* proxima_nova_thin.ttf */,
				446691A91B01A57800C2DC15 /* proxima_nova_xbold_it.ttf */,
				446691AA1B01A57800C2DC15 /* proxima_nova_xbold.ttf */,
			);
			name = Fonts;
			sourceTree = "<group>";
		};
		447818A31AFFBCF300CF0DF1 /* Feed */ = {
			isa = PBXGroup;
			children = (
				4485AF7A1AFFBC5B005CCF3D /* FeedVC.swift */,
				4485AF791AFFBC5B005CCF3D /* FeedVC.storyboard */,
				4485AF771AFFBC5B005CCF3D /* FeedTableViewCell.swift */,
				4485AF781AFFBC5B005CCF3D /* FeedTableViewCell.xib */,
			);
			name = Feed;
			sourceTree = "<group>";
		};
		447FE7F91B07036000F010BC /* Transitions */ = {
			isa = PBXGroup;
			children = (
				447FE7FA1B07039B00F010BC /* DefaultPresentationController.swift */,
				447FE7FB1B07039B00F010BC /* DefaultTransitioner.swift */,
				447FE7FC1B07039B00F010BC /* PopUpTransitioner.swift */,
				447FE7FD1B07039B00F010BC /* PushbackTransitioner.swift */,
				447FE7FE1B07039B00F010BC /* Transitioner.swift */,
				447FE7FF1B07039B00F010BC /* ZoomAlertTransitioner.swift */,
				447FE8001B07039B00F010BC /* ZoomPresentationController.swift */,
				447FE8011B07039B00F010BC /* ZoomTransitioner.swift */,
			);
			name = Transitions;
			sourceTree = "<group>";
		};
		44D29B781B02A70E007B2BB7 /* Profile */ = {
			isa = PBXGroup;
			children = (
				44D29B791B02A732007B2BB7 /* ProfileVC.swift */,
				445DE8A91B06AA4200C15982 /* ProfileTableVC.swift */,
				445DE8A71B06A7FF00C15982 /* Helpers.swift */,
				44D29B7B1B02A78B007B2BB7 /* ProfileVC.storyboard */,
			);
			name = Profile;
			sourceTree = "<group>";
		};
		44FE934F1AFFD5A1008CA73E /* Extensions */ = {
			isa = PBXGroup;
			children = (
				447FE7F91B07036000F010BC /* Transitions */,
				4485AF7B1AFFBC5B005CCF3D /* UIColorExtension.swift */,
				44FE934D1AFFD4DE008CA73E /* UIFontExtensions.swift */,
			);
			name = Extensions;
			sourceTree = "<group>";
		};
		44FE93511B00173C008CA73E /* Settings */ = {
			isa = PBXGroup;
			children = (
				445DE8AB1B06FCEC00C15982 /* SettingsTableCell.swift */,
				44FE93551B001865008CA73E /* SettingsVC.swift */,
				44FE93561B001865008CA73E /* SettingsVC.storyboard */,
			);
			name = Settings;
			sourceTree = "<group>";
		};
		49E1BC791AE6993600FD0AB6 = {
			isa = PBXGroup;
			children = (
				49E1BC841AE6993600FD0AB6 /* Social */,
				49E1BC9A1AE6993600FD0AB6 /* SocialTests */,
				49E1BC831AE6993600FD0AB6 /* Products */,
			);
			sourceTree = "<group>";
		};
		49E1BC831AE6993600FD0AB6 /* Products */ = {
			isa = PBXGroup;
			children = (
				49E1BC821AE6993600FD0AB6 /* Social.app */,
				49E1BC971AE6993600FD0AB6 /* SocialTests.xctest */,
			);
			name = Products;
			sourceTree = "<group>";
		};
		49E1BC841AE6993600FD0AB6 /* Social */ = {
			isa = PBXGroup;
			children = (
				4485AF6D1AFFBC5B005CCF3D /* AppDelegate.swift */,
				4485AF751AFFBC5B005CCF3D /* MasterViewController.swift */,
				44FE93451AFFC3D2008CA73E /* Main.storyboard */,
				4485AF731AFFBC5B005CCF3D /* Images.xcassets */,
				447818A31AFFBCF300CF0DF1 /* Feed */,
				440E31281B07CC9600D3531E /* Groups */,
				44D29B781B02A70E007B2BB7 /* Profile */,
				44FE93511B00173C008CA73E /* Settings */,
				44FE934F1AFFD5A1008CA73E /* Extensions */,
				49E1BCB01AE69CDC00FD0AB6 /* Common */,
				4466919C1B01A53200C2DC15 /* Fonts */,
				49E1BC851AE6993600FD0AB6 /* Supporting Files */,
			);
			path = Social;
			sourceTree = "<group>";
		};
		49E1BC851AE6993600FD0AB6 /* Supporting Files */ = {
			isa = PBXGroup;
			children = (
				4485AF741AFFBC5B005CCF3D /* Info.plist */,
			);
			name = "Supporting Files";
			sourceTree = "<group>";
		};
		49E1BC9A1AE6993600FD0AB6 /* SocialTests */ = {
			isa = PBXGroup;
			children = (
				447818A41AFFBDDE00CF0DF1 /* SocialTests.swift */,
				49E1BC9B1AE6993600FD0AB6 /* Supporting Files */,
				447818A61AFFBDED00CF0DF1 /* Info.plist */,
			);
			path = SocialTests;
			sourceTree = "<group>";
		};
		49E1BC9B1AE6993600FD0AB6 /* Supporting Files */ = {
			isa = PBXGroup;
			children = (
			);
			name = "Supporting Files";
			sourceTree = "<group>";
		};
		49E1BCB01AE69CDC00FD0AB6 /* Common */ = {
			isa = PBXGroup;
			children = (
				49E1BCA71AE69CCA00FD0AB6 /* Model.swift */,
			);
			name = Common;
			sourceTree = "<group>";
		};
/* End PBXGroup section */

/* Begin PBXNativeTarget section */
		49E1BC811AE6993600FD0AB6 /* Social */ = {
			isa = PBXNativeTarget;
			buildConfigurationList = 49E1BCA11AE6993600FD0AB6 /* Build configuration list for PBXNativeTarget "Social" */;
			buildPhases = (
				49E1BC7E1AE6993600FD0AB6 /* Sources */,
				49E1BC7F1AE6993600FD0AB6 /* Frameworks */,
				49E1BC801AE6993600FD0AB6 /* Resources */,
			);
			buildRules = (
			);
			dependencies = (
			);
			name = Social;
			productName = Social;
			productReference = 49E1BC821AE6993600FD0AB6 /* Social.app */;
			productType = "com.apple.product-type.application";
		};
		49E1BC961AE6993600FD0AB6 /* SocialTests */ = {
			isa = PBXNativeTarget;
			buildConfigurationList = 49E1BCA41AE6993600FD0AB6 /* Build configuration list for PBXNativeTarget "SocialTests" */;
			buildPhases = (
				49E1BC931AE6993600FD0AB6 /* Sources */,
				49E1BC941AE6993600FD0AB6 /* Frameworks */,
				49E1BC951AE6993600FD0AB6 /* Resources */,
			);
			buildRules = (
			);
			dependencies = (
				49E1BC991AE6993600FD0AB6 /* PBXTargetDependency */,
			);
			name = SocialTests;
			productName = SocialTests;
			productReference = 49E1BC971AE6993600FD0AB6 /* SocialTests.xctest */;
			productType = "com.apple.product-type.bundle.unit-test";
		};
/* End PBXNativeTarget section */

/* Begin PBXProject section */
		49E1BC7A1AE6993600FD0AB6 /* Project object */ = {
			isa = PBXProject;
			attributes = {
				LastUpgradeCheck = 0630;
				ORGANIZATIONNAME = caidentity;
				TargetAttributes = {
					49E1BC811AE6993600FD0AB6 = {
						CreatedOnToolsVersion = 6.3;
					};
					49E1BC961AE6993600FD0AB6 = {
						CreatedOnToolsVersion = 6.3;
						TestTargetID = 49E1BC811AE6993600FD0AB6;
					};
				};
			};
			buildConfigurationList = 49E1BC7D1AE6993600FD0AB6 /* Build configuration list for PBXProject "Social" */;
			compatibilityVersion = "Xcode 3.2";
			developmentRegion = English;
			hasScannedForEncodings = 0;
			knownRegions = (
				en,
				Base,
			);
			mainGroup = 49E1BC791AE6993600FD0AB6;
			productRefGroup = 49E1BC831AE6993600FD0AB6 /* Products */;
			projectDirPath = "";
			projectRoot = "";
			targets = (
				49E1BC811AE6993600FD0AB6 /* Social */,
				49E1BC961AE6993600FD0AB6 /* SocialTests */,
			);
		};
/* End PBXProject section */

/* Begin PBXResourcesBuildPhase section */
		49E1BC801AE6993600FD0AB6 /* Resources */ = {
			isa = PBXResourcesBuildPhase;
			buildActionMask = 2147483647;
			files = (
				446691AB1B01A77D00C2DC15 /* proxima_nova_black_it.ttf in Resources */,
				44D29B7C1B02A78B007B2BB7 /* ProfileVC.storyboard in Resources */,
				446691AC1B01A77D00C2DC15 /* proxima_nova_black.ttf in Resources */,
				446691AD1B01A77D00C2DC15 /* proxima_nova_bold_it.ttf in Resources */,
				446691AE1B01A77D00C2DC15 /* proxima_nova_bold.ttf in Resources */,
				446691AF1B01A77D00C2DC15 /* proxima_nova_light_it.ttf in Resources */,
				446691B01B01A77D00C2DC15 /* proxima_nova_light.ttf in Resources */,
				446691B11B01A77D00C2DC15 /* proxima_nova_reg_it.ttf in Resources */,
				446691B21B01A77D00C2DC15 /* proxima_nova_reg.ttf in Resources */,
				446691B31B01A77D00C2DC15 /* proxima_nova_sbold_it.ttf in Resources */,
				446691B41B01A77D00C2DC15 /* proxima_nova_sbold.ttf in Resources */,
				446691B51B01A77D00C2DC15 /* proxima_nova_thin_it.ttf in Resources */,
				446691B61B01A77D00C2DC15 /* proxima_nova_thin.ttf in Resources */,
				446691B71B01A77D00C2DC15 /* proxima_nova_xbold_it.ttf in Resources */,
				446691B81B01A77D00C2DC15 /* proxima_nova_xbold.ttf in Resources */,
				44FE93491AFFD466008CA73E /* Model.swift in Resources */,
				447818A71AFFBDED00CF0DF1 /* Info.plist in Resources */,
				44FE93471AFFC3D2008CA73E /* Main.storyboard in Resources */,
				440E312E1B07CD5B00D3531E /* GroupListVC.storyboard in Resources */,
				44FE935B1B001865008CA73E /* SettingsVC.storyboard in Resources */,
				4485AF881AFFBC5B005CCF3D /* FeedTableViewCell.xib in Resources */,
				440E31331B08433900D3531E /* GroupFeedVC.storyboard in Resources */,
				4485AF831AFFBC5B005CCF3D /* Images.xcassets in Resources */,
				4485AF891AFFBC5B005CCF3D /* FeedVC.storyboard in Resources */,
				4485AF841AFFBC5B005CCF3D /* Info.plist in Resources */,
			);
			runOnlyForDeploymentPostprocessing = 0;
		};
		49E1BC951AE6993600FD0AB6 /* Resources */ = {
			isa = PBXResourcesBuildPhase;
			buildActionMask = 2147483647;
			files = (
			);
			runOnlyForDeploymentPostprocessing = 0;
		};
/* End PBXResourcesBuildPhase section */

/* Begin PBXSourcesBuildPhase section */
		49E1BC7E1AE6993600FD0AB6 /* Sources */ = {
			isa = PBXSourcesBuildPhase;
			buildActionMask = 2147483647;
			files = (
				44FE934A1AFFD477008CA73E /* Model.swift in Sources */,
				445DE8AA1B06AA4200C15982 /* ProfileTableVC.swift in Sources */,
				445DE8A81B06A7FF00C15982 /* Helpers.swift in Sources */,
				447FE8081B07039B00F010BC /* ZoomPresentationController.swift in Sources */,
				447FE8021B07039B00F010BC /* DefaultPresentationController.swift in Sources */,
				447FE8061B07039B00F010BC /* Transitioner.swift in Sources */,
				440E312C1B07CCFE00D3531E /* GroupListCell.swift in Sources */,
				44FE934E1AFFD4DE008CA73E /* UIFontExtensions.swift in Sources */,
				447FE8091B07039B00F010BC /* ZoomTransitioner.swift in Sources */,
				44FE935A1B001865008CA73E /* SettingsVC.swift in Sources */,
				4485AF851AFFBC5B005CCF3D /* MasterViewController.swift in Sources */,
				447FE8031B07039B00F010BC /* DefaultTransitioner.swift in Sources */,
				4485AF8A1AFFBC5B005CCF3D /* FeedVC.swift in Sources */,
				440E312A1B07CCD100D3531E /* GroupListVC.swift in Sources */,
				4485AF8B1AFFBC5B005CCF3D /* UIColorExtension.swift in Sources */,
				44D29B7A1B02A732007B2BB7 /* ProfileVC.swift in Sources */,
				4485AF871AFFBC5B005CCF3D /* FeedTableViewCell.swift in Sources */,
				447FE8051B07039B00F010BC /* PushbackTransitioner.swift in Sources */,
				447FE8041B07039B00F010BC /* PopUpTransitioner.swift in Sources */,
				447FE8071B07039B00F010BC /* ZoomAlertTransitioner.swift in Sources */,
				445DE8AC1B06FCEC00C15982 /* SettingsTableCell.swift in Sources */,
				440E31311B08423700D3531E /* GroupFeedVC.swift in Sources */,
				4485AF7D1AFFBC5B005CCF3D /* AppDelegate.swift in Sources */,
			);
			runOnlyForDeploymentPostprocessing = 0;
		};
		49E1BC931AE6993600FD0AB6 /* Sources */ = {
			isa = PBXSourcesBuildPhase;
			buildActionMask = 2147483647;
			files = (
				446D9BEB1AFFBFD9005E291C /* SocialTests.swift in Sources */,
			);
			runOnlyForDeploymentPostprocessing = 0;
		};
/* End PBXSourcesBuildPhase section */

/* Begin PBXTargetDependency section */
		49E1BC991AE6993600FD0AB6 /* PBXTargetDependency */ = {
			isa = PBXTargetDependency;
			target = 49E1BC811AE6993600FD0AB6 /* Social */;
			targetProxy = 49E1BC981AE6993600FD0AB6 /* PBXContainerItemProxy */;
		};
/* End PBXTargetDependency section */

/* Begin XCBuildConfiguration section */
		49E1BC9F1AE6993600FD0AB6 /* Debug */ = {
			isa = XCBuildConfiguration;
			buildSettings = {
				ALWAYS_SEARCH_USER_PATHS = NO;
				CLANG_CXX_LANGUAGE_STANDARD = "gnu++0x";
				CLANG_CXX_LIBRARY = "libc++";
				CLANG_ENABLE_MODULES = YES;
				CLANG_ENABLE_OBJC_ARC = YES;
				CLANG_WARN_BOOL_CONVERSION = YES;
				CLANG_WARN_CONSTANT_CONVERSION = YES;
				CLANG_WARN_DIRECT_OBJC_ISA_USAGE = YES_ERROR;
				CLANG_WARN_EMPTY_BODY = YES;
				CLANG_WARN_ENUM_CONVERSION = YES;
				CLANG_WARN_INT_CONVERSION = YES;
				CLANG_WARN_OBJC_ROOT_CLASS = YES_ERROR;
				CLANG_WARN_UNREACHABLE_CODE = YES;
				CLANG_WARN__DUPLICATE_METHOD_MATCH = YES;
				"CODE_SIGN_IDENTITY[sdk=iphoneos*]" = "iPhone Developer";
				COPY_PHASE_STRIP = NO;
				DEBUG_INFORMATION_FORMAT = "dwarf-with-dsym";
				ENABLE_STRICT_OBJC_MSGSEND = YES;
				GCC_C_LANGUAGE_STANDARD = gnu99;
				GCC_DYNAMIC_NO_PIC = NO;
				GCC_NO_COMMON_BLOCKS = YES;
				GCC_OPTIMIZATION_LEVEL = 0;
				GCC_PREPROCESSOR_DEFINITIONS = (
					"DEBUG=1",
					"$(inherited)",
				);
				GCC_SYMBOLS_PRIVATE_EXTERN = NO;
				GCC_WARN_64_TO_32_BIT_CONVERSION = YES;
				GCC_WARN_ABOUT_RETURN_TYPE = YES_ERROR;
				GCC_WARN_UNDECLARED_SELECTOR = YES;
				GCC_WARN_UNINITIALIZED_AUTOS = YES_AGGRESSIVE;
				GCC_WARN_UNUSED_FUNCTION = YES;
				GCC_WARN_UNUSED_VARIABLE = YES;
				IPHONEOS_DEPLOYMENT_TARGET = 8.3;
				MTL_ENABLE_DEBUG_INFO = YES;
				ONLY_ACTIVE_ARCH = YES;
				SDKROOT = iphoneos;
				SWIFT_OPTIMIZATION_LEVEL = "-Onone";
				TARGETED_DEVICE_FAMILY = "1,2";
			};
			name = Debug;
		};
		49E1BCA01AE6993600FD0AB6 /* Release */ = {
			isa = XCBuildConfiguration;
			buildSettings = {
				ALWAYS_SEARCH_USER_PATHS = NO;
				CLANG_CXX_LANGUAGE_STANDARD = "gnu++0x";
				CLANG_CXX_LIBRARY = "libc++";
				CLANG_ENABLE_MODULES = YES;
				CLANG_ENABLE_OBJC_ARC = YES;
				CLANG_WARN_BOOL_CONVERSION = YES;
				CLANG_WARN_CONSTANT_CONVERSION = YES;
				CLANG_WARN_DIRECT_OBJC_ISA_USAGE = YES_ERROR;
				CLANG_WARN_EMPTY_BODY = YES;
				CLANG_WARN_ENUM_CONVERSION = YES;
				CLANG_WARN_INT_CONVERSION = YES;
				CLANG_WARN_OBJC_ROOT_CLASS = YES_ERROR;
				CLANG_WARN_UNREACHABLE_CODE = YES;
				CLANG_WARN__DUPLICATE_METHOD_MATCH = YES;
				"CODE_SIGN_IDENTITY[sdk=iphoneos*]" = "iPhone Developer";
				COPY_PHASE_STRIP = NO;
				DEBUG_INFORMATION_FORMAT = "dwarf-with-dsym";
				ENABLE_NS_ASSERTIONS = NO;
				ENABLE_STRICT_OBJC_MSGSEND = YES;
				GCC_C_LANGUAGE_STANDARD = gnu99;
				GCC_NO_COMMON_BLOCKS = YES;
				GCC_WARN_64_TO_32_BIT_CONVERSION = YES;
				GCC_WARN_ABOUT_RETURN_TYPE = YES_ERROR;
				GCC_WARN_UNDECLARED_SELECTOR = YES;
				GCC_WARN_UNINITIALIZED_AUTOS = YES_AGGRESSIVE;
				GCC_WARN_UNUSED_FUNCTION = YES;
				GCC_WARN_UNUSED_VARIABLE = YES;
				IPHONEOS_DEPLOYMENT_TARGET = 8.3;
				MTL_ENABLE_DEBUG_INFO = NO;
				SDKROOT = iphoneos;
				TARGETED_DEVICE_FAMILY = "1,2";
				VALIDATE_PRODUCT = YES;
			};
			name = Release;
		};
		49E1BCA21AE6993600FD0AB6 /* Debug */ = {
			isa = XCBuildConfiguration;
			buildSettings = {
				ASSETCATALOG_COMPILER_APPICON_NAME = AppIcon;
				ASSETCATALOG_COMPILER_LAUNCHIMAGE_NAME = LaunchImage;
				INFOPLIST_FILE = "$(SRCROOT)/Social/Info.plist";
				IPHONEOS_DEPLOYMENT_TARGET = 8.0;
				LD_RUNPATH_SEARCH_PATHS = "$(inherited) @executable_path/Frameworks";
				PRODUCT_NAME = "$(TARGET_NAME)";
			};
			name = Debug;
		};
		49E1BCA31AE6993600FD0AB6 /* Release */ = {
			isa = XCBuildConfiguration;
			buildSettings = {
				ASSETCATALOG_COMPILER_APPICON_NAME = AppIcon;
				ASSETCATALOG_COMPILER_LAUNCHIMAGE_NAME = LaunchImage;
				INFOPLIST_FILE = "$(SRCROOT)/Social/Info.plist";
				IPHONEOS_DEPLOYMENT_TARGET = 8.0;
				LD_RUNPATH_SEARCH_PATHS = "$(inherited) @executable_path/Frameworks";
				PRODUCT_NAME = "$(TARGET_NAME)";
			};
			name = Release;
		};
		49E1BCA51AE6993600FD0AB6 /* Debug */ = {
			isa = XCBuildConfiguration;
			buildSettings = {
				BUNDLE_LOADER = "$(TEST_HOST)";
				FRAMEWORK_SEARCH_PATHS = (
					"$(SDKROOT)/Developer/Library/Frameworks",
					"$(inherited)",
				);
				GCC_PREPROCESSOR_DEFINITIONS = (
					"DEBUG=1",
					"$(inherited)",
				);
				INFOPLIST_FILE = SocialTests/Info.plist;
				LD_RUNPATH_SEARCH_PATHS = "$(inherited) @executable_path/Frameworks @loader_path/Frameworks";
				PRODUCT_NAME = "$(TARGET_NAME)";
				TEST_HOST = "$(BUILT_PRODUCTS_DIR)/Social.app/Social";
			};
			name = Debug;
		};
		49E1BCA61AE6993600FD0AB6 /* Release */ = {
			isa = XCBuildConfiguration;
			buildSettings = {
				BUNDLE_LOADER = "$(TEST_HOST)";
				FRAMEWORK_SEARCH_PATHS = (
					"$(SDKROOT)/Developer/Library/Frameworks",
					"$(inherited)",
				);
				INFOPLIST_FILE = SocialTests/Info.plist;
				LD_RUNPATH_SEARCH_PATHS = "$(inherited) @executable_path/Frameworks @loader_path/Frameworks";
				PRODUCT_NAME = "$(TARGET_NAME)";
				TEST_HOST = "$(BUILT_PRODUCTS_DIR)/Social.app/Social";
			};
			name = Release;
		};
/* End XCBuildConfiguration section */

/* Begin XCConfigurationList section */
		49E1BC7D1AE6993600FD0AB6 /* Build configuration list for PBXProject "Social" */ = {
			isa = XCConfigurationList;
			buildConfigurations = (
				49E1BC9F1AE6993600FD0AB6 /* Debug */,
				49E1BCA01AE6993600FD0AB6 /* Release */,
			);
			defaultConfigurationIsVisible = 0;
			defaultConfigurationName = Release;
		};
		49E1BCA11AE6993600FD0AB6 /* Build configuration list for PBXNativeTarget "Social" */ = {
			isa = XCConfigurationList;
			buildConfigurations = (
				49E1BCA21AE6993600FD0AB6 /* Debug */,
				49E1BCA31AE6993600FD0AB6 /* Release */,
			);
			defaultConfigurationIsVisible = 0;
			defaultConfigurationName = Release;
		};
		49E1BCA41AE6993600FD0AB6 /* Build configuration list for PBXNativeTarget "SocialTests" */ = {
			isa = XCConfigurationList;
			buildConfigurations = (
				49E1BCA51AE6993600FD0AB6 /* Debug */,
				49E1BCA61AE6993600FD0AB6 /* Release */,
			);
			defaultConfigurationIsVisible = 0;
			defaultConfigurationName = Release;
		};
/* End XCConfigurationList section */
	};
	rootObject = 49E1BC7A1AE6993600FD0AB6 /* Project object */;
}
